# THIS IS AN AUTOGENERATED FILE. DO NOT EDIT THIS FILE DIRECTLY.
# yarn lockfile v1


bats@^1.7.0:
  version "1.7.0"
  resolved "https://registry.yarnpkg.com/bats/-/bats-1.7.0.tgz#caae958b1d211eda6b1322ac7792515de40165a2"
  integrity sha512-pt5zjJQUB4+JI8Si+z/IAWc8yhMyhdZs6IXMCKgzF768dUIyW5xyBstWtDI5uGSa80v7UQOhh+w0GA4p4+01Bg==
